
Microsoft Visual Studio Solution File, Format Version 12.00
# Visual Studio 15
VisualStudioVersion = 15.0.28307.271
MinimumVisualStudioVersion = 10.0.40219.1
Project("{FAE04EC0-301F-11D3-BF4B-00C04F79EFBC}") = "Training1", "Training1\Training1.csproj", "{CD3D39C2-65FB-4853-B817-E84579EB5649}"
EndProject
Project("{FAE04EC0-301F-11D3-BF4B-00C04F79EFBC}") = "Training2", "Training2\Training2.csproj", "{678ED92D-C240-47A2-B57B-6CCF6213D4C2}"
EndProject
Project("{FAE04EC0-301F-11D3-BF4B-00C04F79EFBC}") = "Menu", "Menu\Menu.csproj", "{F70383C3-6BA8-44A6-9EBB-BD9CB5CC9B86}"
EndProject
Project("{9A19103F-16F7-4668-BE54-9A1E7A4F7556}") = "Training1.Tests", "Training1.Tests\Training1.Tests.csproj", "{84EEFBA1-E80C-4801-805C-E4D02BC289AC}"
EndProject
Project("{FAE04EC0-301F-11D3-BF4B-00C04F79EFBC}") = "Training3", "Training3\Training3.csproj", "{EE9525D3-DF8F-4480-87B6-54D790A19CE7}"
EndProject
Project("{FAE04EC0-301F-11D3-BF4B-00C04F79EFBC}") = "Training3.Tests", "Training3.Tests\Training3.Tests.csproj", "{452B12A9-53D6-4095-9AE8-55564F00942B}"
EndProject
Global
	GlobalSection(SolutionConfigurationPlatforms) = preSolution
		Debug|Any CPU = Debug|Any CPU
		Release|Any CPU = Release|Any CPU
	EndGlobalSection
	GlobalSection(ProjectConfigurationPlatforms) = postSolution
		{CD3D39C2-65FB-4853-B817-E84579EB5649}.Debug|Any CPU.ActiveCfg = Debug|Any CPU
		{CD3D39C2-65FB-4853-B817-E84579EB5649}.Debug|Any CPU.Build.0 = Debug|Any CPU
		{CD3D39C2-65FB-4853-B817-E84579EB5649}.Release|Any CPU.ActiveCfg = Release|Any CPU
		{CD3D39C2-65FB-4853-B817-E84579EB5649}.Release|Any CPU.Build.0 = Release|Any CPU
		{678ED92D-C240-47A2-B57B-6CCF6213D4C2}.Debug|Any CPU.ActiveCfg = Debug|Any CPU
		{678ED92D-C240-47A2-B57B-6CCF6213D4C2}.Debug|Any CPU.Build.0 = Debug|Any CPU
		{678ED92D-C240-47A2-B57B-6CCF6213D4C2}.Release|Any CPU.ActiveCfg = Release|Any CPU
		{678ED92D-C240-47A2-B57B-6CCF6213D4C2}.Release|Any CPU.Build.0 = Release|Any CPU
		{F70383C3-6BA8-44A6-9EBB-BD9CB5CC9B86}.Debug|Any CPU.ActiveCfg = Debug|Any CPU
		{F70383C3-6BA8-44A6-9EBB-BD9CB5CC9B86}.Debug|Any CPU.Build.0 = Debug|Any CPU
		{F70383C3-6BA8-44A6-9EBB-BD9CB5CC9B86}.Release|Any CPU.ActiveCfg = Release|Any CPU
		{F70383C3-6BA8-44A6-9EBB-BD9CB5CC9B86}.Release|Any CPU.Build.0 = Release|Any CPU
		{84EEFBA1-E80C-4801-805C-E4D02BC289AC}.Debug|Any CPU.ActiveCfg = Debug|Any CPU
		{84EEFBA1-E80C-4801-805C-E4D02BC289AC}.Debug|Any CPU.Build.0 = Debug|Any CPU
		{84EEFBA1-E80C-4801-805C-E4D02BC289AC}.Release|Any CPU.ActiveCfg = Release|Any CPU
		{84EEFBA1-E80C-4801-805C-E4D02BC289AC}.Release|Any CPU.Build.0 = Release|Any CPU
		{EE9525D3-DF8F-4480-87B6-54D790A19CE7}.Debug|Any CPU.ActiveCfg = Debug|Any CPU
		{EE9525D3-DF8F-4480-87B6-54D790A19CE7}.Debug|Any CPU.Build.0 = Debug|Any CPU
		{EE9525D3-DF8F-4480-87B6-54D790A19CE7}.Release|Any CPU.ActiveCfg = Release|Any CPU
		{EE9525D3-DF8F-4480-87B6-54D790A19CE7}.Release|Any CPU.Build.0 = Release|Any CPU
		{452B12A9-53D6-4095-9AE8-55564F00942B}.Debug|Any CPU.ActiveCfg = Debug|Any CPU
		{452B12A9-53D6-4095-9AE8-55564F00942B}.Debug|Any CPU.Build.0 = Debug|Any CPU
		{452B12A9-53D6-4095-9AE8-55564F00942B}.Release|Any CPU.ActiveCfg = Release|Any CPU
		{452B12A9-53D6-4095-9AE8-55564F00942B}.Release|Any CPU.Build.0 = Release|Any CPU
	EndGlobalSection
	GlobalSection(SolutionProperties) = preSolution
		HideSolutionNode = FALSE
	EndGlobalSection
	GlobalSection(ExtensibilityGlobals) = postSolution
		SolutionGuid = {76E617D4-CC10-4453-906D-7C6F14299FFF}
	EndGlobalSection
EndGlobal
